
Microsoft Visual Studio Solution File, Format Version 12.00
# Visual Studio Version 17
VisualStudioVersion = 17.9.34616.47
MinimumVisualStudioVersion = 10.0.40219.1
Project("{9A19103F-16F7-4668-BE54-9A1E7A4F7556}") = "BulkyWeb", "BulkyWeb\BulkyWeb.csproj", "{A15F5B9E-D08A-4417-9E87-6383AB76A0C3}"
EndProject
Project("{9A19103F-16F7-4668-BE54-9A1E7A4F7556}") = "BulkyWeb_RazorPage", "BulkyWeb_RazorPage\BulkyWeb_RazorPage.csproj", "{4381EDC8-6F16-46FE-B5E7-0B44A0586B2E}"
EndProject
Global
	GlobalSection(SolutionConfigurationPlatforms) = preSolution
		Debug|Any CPU = Debug|Any CPU
		Release|Any CPU = Release|Any CPU
	EndGlobalSection
	GlobalSection(ProjectConfigurationPlatforms) = postSolution
		{A15F5B9E-D08A-4417-9E87-6383AB76A0C3}.Debug|Any CPU.ActiveCfg = Debug|Any CPU
		{A15F5B9E-D08A-4417-9E87-6383AB76A0C3}.Debug|Any CPU.Build.0 = Debug|Any CPU
		{A15F5B9E-D08A-4417-9E87-6383AB76A0C3}.Release|Any CPU.ActiveCfg = Release|Any CPU
		{A15F5B9E-D08A-4417-9E87-6383AB76A0C3}.Release|Any CPU.Build.0 = Release|Any CPU
		{4381EDC8-6F16-46FE-B5E7-0B44A0586B2E}.Debug|Any CPU.ActiveCfg = Debug|Any CPU
		{4381EDC8-6F16-46FE-B5E7-0B44A0586B2E}.Debug|Any CPU.Build.0 = Debug|Any CPU
		{4381EDC8-6F16-46FE-B5E7-0B44A0586B2E}.Release|Any CPU.ActiveCfg = Release|Any CPU
		{4381EDC8-6F16-46FE-B5E7-0B44A0586B2E}.Release|Any CPU.Build.0 = Release|Any CPU
	EndGlobalSection
	GlobalSection(SolutionProperties) = preSolution
		HideSolutionNode = FALSE
	EndGlobalSection
	GlobalSection(ExtensibilityGlobals) = postSolution
		SolutionGuid = {14C396C4-572B-4F97-B34B-01E8FBDE6ABF}
	EndGlobalSection
EndGlobal
